
Microsoft Visual Studio Solution File, Format Version 12.00
# Visual Studio Version 17
VisualStudioVersion = 17.0.31903.59
MinimumVisualStudioVersion = 10.0.40219.1
Project("{2150E333-8FDC-42A3-9474-1A3956D46DE8}") = "src", "src", "{827E0CD3-B72D-47B6-A68D-7590B98EB39B}"
EndProject
Project("{FAE04EC0-301F-11D3-BF4B-00C04F79EFBC}") = "LeeWay.TransitHub.Api", "src\LeeWay.TransitHub.Api\LeeWay.TransitHub.Api.csproj", "{EA7D1F58-AD4C-4ACF-9EDB-2821CFBE132A}"
EndProject
Project("{FAE04EC0-301F-11D3-BF4B-00C04F79EFBC}") = "LeeWay.TransitHub.Domain", "src\LeeWay.TransitHub.Domain\LeeWay.TransitHub.Domain.csproj", "{486E962B-BACD-4CE5-A8DA-848DC3893C16}"
EndProject
Project("{FAE04EC0-301F-11D3-BF4B-00C04F79EFBC}") = "LeeWay.TransitHub.Application", "src\LeeWay.TransitHub.Application\LeeWay.TransitHub.Application.csproj", "{69E437C6-7811-41D2-BAD8-DC16849A3F29}"
EndProject
Project("{FAE04EC0-301F-11D3-BF4B-00C04F79EFBC}") = "LeeWay.TransitHub.Governance", "src\LeeWay.TransitHub.Governance\LeeWay.TransitHub.Governance.csproj", "{AF965A7C-2860-451A-AE56-B1E666E9F5EF}"
EndProject
Project("{FAE04EC0-301F-11D3-BF4B-00C04F79EFBC}") = "LeeWay.TransitHub.Infrastructure.InMemory", "src\LeeWay.TransitHub.Infrastructure.InMemory\LeeWay.TransitHub.Infrastructure.InMemory.csproj", "{CCA94A28-75E0-4956-AA0E-B04EDD78F59F}"
EndProject
Project("{FAE04EC0-301F-11D3-BF4B-00C04F79EFBC}") = "LeeWay.TransitHub.Infrastructure.SqlServer", "src\LeeWay.TransitHub.Infrastructure.SqlServer\LeeWay.TransitHub.Infrastructure.SqlServer.csproj", "{198AE400-5814-4305-B47C-52A3BB610458}"
EndProject
Project("{FAE04EC0-301F-11D3-BF4B-00C04F79EFBC}") = "LeeWay.TransitHub.Infrastructure.Oracle", "src\LeeWay.TransitHub.Infrastructure.Oracle\LeeWay.TransitHub.Infrastructure.Oracle.csproj", "{01115670-D706-41EC-B0F8-93B7AE1DD0C7}"
EndProject
Project("{FAE04EC0-301F-11D3-BF4B-00C04F79EFBC}") = "LeeWay.TransitHub.Integration.Dataverse", "src\LeeWay.TransitHub.Integration.Dataverse\LeeWay.TransitHub.Integration.Dataverse.csproj", "{143269FA-ED33-423E-88A5-869D38477F65}"
EndProject
Project("{FAE04EC0-301F-11D3-BF4B-00C04F79EFBC}") = "LeeWay.TransitHub.Web", "src\LeeWay.TransitHub.Web\LeeWay.TransitHub.Web.csproj", "{601DA10A-E14E-4233-8616-CE8CA7C5B228}"
EndProject
Project("{FAE04EC0-301F-11D3-BF4B-00C04F79EFBC}") = "LeeWay.TransitHub.Worker", "src\LeeWay.TransitHub.Worker\LeeWay.TransitHub.Worker.csproj", "{4FF2C2AE-BED8-4C02-AFE8-4AE9025936AC}"
EndProject
Project("{2150E333-8FDC-42A3-9474-1A3956D46DE8}") = "tests", "tests", "{0AB3BF05-4346-4AA6-1389-037BE0695223}"
EndProject
Project("{FAE04EC0-301F-11D3-BF4B-00C04F79EFBC}") = "LeeWay.TransitHub.ArchitectureTests", "tests\LeeWay.TransitHub.ArchitectureTests\LeeWay.TransitHub.ArchitectureTests.csproj", "{0567C064-9EBB-43F7-989B-8C1F51F9B74E}"
EndProject
Project("{FAE04EC0-301F-11D3-BF4B-00C04F79EFBC}") = "LeeWay.TransitHub.IntegrationTests", "tests\LeeWay.TransitHub.IntegrationTests\LeeWay.TransitHub.IntegrationTests.csproj", "{F7511EE9-189B-4094-880A-E228DFE09F98}"
EndProject
Project("{FAE04EC0-301F-11D3-BF4B-00C04F79EFBC}") = "LeeWay.TransitHub.RegressionTests", "tests\LeeWay.TransitHub.RegressionTests\LeeWay.TransitHub.RegressionTests.csproj", "{8BDC469F-70B1-4540-B7AE-6B40107FEA41}"
EndProject
Project("{FAE04EC0-301F-11D3-BF4B-00C04F79EFBC}") = "LeeWay.TransitHub.SecurityTests", "tests\LeeWay.TransitHub.SecurityTests\LeeWay.TransitHub.SecurityTests.csproj", "{73D2D822-324C-4A05-9BAB-5E98BA6977D7}"
EndProject
Project("{FAE04EC0-301F-11D3-BF4B-00C04F79EFBC}") = "LeeWay.TransitHub.UnitTests", "tests\LeeWay.TransitHub.UnitTests\LeeWay.TransitHub.UnitTests.csproj", "{54F99D9C-1605-42C1-90B1-45AF66F7A9B1}"
EndProject
Global
	GlobalSection(SolutionConfigurationPlatforms) = preSolution
		Debug|Any CPU = Debug|Any CPU
		Debug|x64 = Debug|x64
		Debug|x86 = Debug|x86
		Release|Any CPU = Release|Any CPU
		Release|x64 = Release|x64
		Release|x86 = Release|x86
	EndGlobalSection
	GlobalSection(ProjectConfigurationPlatforms) = postSolution
		{EA7D1F58-AD4C-4ACF-9EDB-2821CFBE132A}.Debug|Any CPU.ActiveCfg = Debug|Any CPU
		{EA7D1F58-AD4C-4ACF-9EDB-2821CFBE132A}.Debug|Any CPU.Build.0 = Debug|Any CPU
		{EA7D1F58-AD4C-4ACF-9EDB-2821CFBE132A}.Debug|x64.ActiveCfg = Debug|Any CPU
		{EA7D1F58-AD4C-4ACF-9EDB-2821CFBE132A}.Debug|x64.Build.0 = Debug|Any CPU
		{EA7D1F58-AD4C-4ACF-9EDB-2821CFBE132A}.Debug|x86.ActiveCfg = Debug|Any CPU
		{EA7D1F58-AD4C-4ACF-9EDB-2821CFBE132A}.Debug|x86.Build.0 = Debug|Any CPU
		{EA7D1F58-AD4C-4ACF-9EDB-2821CFBE132A}.Release|Any CPU.ActiveCfg = Release|Any CPU
		{EA7D1F58-AD4C-4ACF-9EDB-2821CFBE132A}.Release|Any CPU.Build.0 = Release|Any CPU
		{EA7D1F58-AD4C-4ACF-9EDB-2821CFBE132A}.Release|x64.ActiveCfg = Release|Any CPU
		{EA7D1F58-AD4C-4ACF-9EDB-2821CFBE132A}.Release|x64.Build.0 = Release|Any CPU
		{EA7D1F58-AD4C-4ACF-9EDB-2821CFBE132A}.Release|x86.ActiveCfg = Release|Any CPU
		{EA7D1F58-AD4C-4ACF-9EDB-2821CFBE132A}.Release|x86.Build.0 = Release|Any CPU
		{486E962B-BACD-4CE5-A8DA-848DC3893C16}.Debug|Any CPU.ActiveCfg = Debug|Any CPU
		{486E962B-BACD-4CE5-A8DA-848DC3893C16}.Debug|Any CPU.Build.0 = Debug|Any CPU
		{486E962B-BACD-4CE5-A8DA-848DC3893C16}.Debug|x64.ActiveCfg = Debug|Any CPU
		{486E962B-BACD-4CE5-A8DA-848DC3893C16}.Debug|x64.Build.0 = Debug|Any CPU
		{486E962B-BACD-4CE5-A8DA-848DC3893C16}.Debug|x86.ActiveCfg = Debug|Any CPU
		{486E962B-BACD-4CE5-A8DA-848DC3893C16}.Debug|x86.Build.0 = Debug|Any CPU
		{486E962B-BACD-4CE5-A8DA-848DC3893C16}.Release|Any CPU.ActiveCfg = Release|Any CPU
		{486E962B-BACD-4CE5-A8DA-848DC3893C16}.Release|Any CPU.Build.0 = Release|Any CPU
		{486E962B-BACD-4CE5-A8DA-848DC3893C16}.Release|x64.ActiveCfg = Release|Any CPU
		{486E962B-BACD-4CE5-A8DA-848DC3893C16}.Release|x64.Build.0 = Release|Any CPU
		{486E962B-BACD-4CE5-A8DA-848DC3893C16}.Release|x86.ActiveCfg = Release|Any CPU
		{486E962B-BACD-4CE5-A8DA-848DC3893C16}.Release|x86.Build.0 = Release|Any CPU
		{69E437C6-7811-41D2-BAD8-DC16849A3F29}.Debug|Any CPU.ActiveCfg = Debug|Any CPU
		{69E437C6-7811-41D2-BAD8-DC16849A3F29}.Debug|Any CPU.Build.0 = Debug|Any CPU
		{69E437C6-7811-41D2-BAD8-DC16849A3F29}.Debug|x64.ActiveCfg = Debug|Any CPU
		{69E437C6-7811-41D2-BAD8-DC16849A3F29}.Debug|x64.Build.0 = Debug|Any CPU
		{69E437C6-7811-41D2-BAD8-DC16849A3F29}.Debug|x86.ActiveCfg = Debug|Any CPU
		{69E437C6-7811-41D2-BAD8-DC16849A3F29}.Debug|x86.Build.0 = Debug|Any CPU
		{69E437C6-7811-41D2-BAD8-DC16849A3F29}.Release|Any CPU.ActiveCfg = Release|Any CPU
		{69E437C6-7811-41D2-BAD8-DC16849A3F29}.Release|Any CPU.Build.0 = Release|Any CPU
		{69E437C6-7811-41D2-BAD8-DC16849A3F29}.Release|x64.ActiveCfg = Release|Any CPU
		{69E437C6-7811-41D2-BAD8-DC16849A3F29}.Release|x64.Build.0 = Release|Any CPU
		{69E437C6-7811-41D2-BAD8-DC16849A3F29}.Release|x86.ActiveCfg = Release|Any CPU
		{69E437C6-7811-41D2-BAD8-DC16849A3F29}.Release|x86.Build.0 = Release|Any CPU
		{AF965A7C-2860-451A-AE56-B1E666E9F5EF}.Debug|Any CPU.ActiveCfg = Debug|Any CPU
		{AF965A7C-2860-451A-AE56-B1E666E9F5EF}.Debug|Any CPU.Build.0 = Debug|Any CPU
		{AF965A7C-2860-451A-AE56-B1E666E9F5EF}.Debug|x64.ActiveCfg = Debug|Any CPU
		{AF965A7C-2860-451A-AE56-B1E666E9F5EF}.Debug|x64.Build.0 = Debug|Any CPU
		{AF965A7C-2860-451A-AE56-B1E666E9F5EF}.Debug|x86.ActiveCfg = Debug|Any CPU
		{AF965A7C-2860-451A-AE56-B1E666E9F5EF}.Debug|x86.Build.0 = Debug|Any CPU
		{AF965A7C-2860-451A-AE56-B1E666E9F5EF}.Release|Any CPU.ActiveCfg = Release|Any CPU
		{AF965A7C-2860-451A-AE56-B1E666E9F5EF}.Release|Any CPU.Build.0 = Release|Any CPU
		{AF965A7C-2860-451A-AE56-B1E666E9F5EF}.Release|x64.ActiveCfg = Release|Any CPU
		{AF965A7C-2860-451A-AE56-B1E666E9F5EF}.Release|x64.Build.0 = Release|Any CPU
		{AF965A7C-2860-451A-AE56-B1E666E9F5EF}.Release|x86.ActiveCfg = Release|Any CPU
		{AF965A7C-2860-451A-AE56-B1E666E9F5EF}.Release|x86.Build.0 = Release|Any CPU
		{CCA94A28-75E0-4956-AA0E-B04EDD78F59F}.Debug|Any CPU.ActiveCfg = Debug|Any CPU
		{CCA94A28-75E0-4956-AA0E-B04EDD78F59F}.Debug|Any CPU.Build.0 = Debug|Any CPU
		{CCA94A28-75E0-4956-AA0E-B04EDD78F59F}.Debug|x64.ActiveCfg = Debug|Any CPU
		{CCA94A28-75E0-4956-AA0E-B04EDD78F59F}.Debug|x64.Build.0 = Debug|Any CPU
		{CCA94A28-75E0-4956-AA0E-B04EDD78F59F}.Debug|x86.ActiveCfg = Debug|Any CPU
		{CCA94A28-75E0-4956-AA0E-B04EDD78F59F}.Debug|x86.Build.0 = Debug|Any CPU
		{CCA94A28-75E0-4956-AA0E-B04EDD78F59F}.Release|Any CPU.ActiveCfg = Release|Any CPU
		{CCA94A28-75E0-4956-AA0E-B04EDD78F59F}.Release|Any CPU.Build.0 = Release|Any CPU
		{CCA94A28-75E0-4956-AA0E-B04EDD78F59F}.Release|x64.ActiveCfg = Release|Any CPU
		{CCA94A28-75E0-4956-AA0E-B04EDD78F59F}.Release|x64.Build.0 = Release|Any CPU
		{CCA94A28-75E0-4956-AA0E-B04EDD78F59F}.Release|x86.ActiveCfg = Release|Any CPU
		{CCA94A28-75E0-4956-AA0E-B04EDD78F59F}.Release|x86.Build.0 = Release|Any CPU
		{198AE400-5814-4305-B47C-52A3BB610458}.Debug|Any CPU.ActiveCfg = Debug|Any CPU
		{198AE400-5814-4305-B47C-52A3BB610458}.Debug|Any CPU.Build.0 = Debug|Any CPU
		{198AE400-5814-4305-B47C-52A3BB610458}.Debug|x64.ActiveCfg = Debug|Any CPU
		{198AE400-5814-4305-B47C-52A3BB610458}.Debug|x64.Build.0 = Debug|Any CPU
		{198AE400-5814-4305-B47C-52A3BB610458}.Debug|x86.ActiveCfg = Debug|Any CPU
		{198AE400-5814-4305-B47C-52A3BB610458}.Debug|x86.Build.0 = Debug|Any CPU
		{198AE400-5814-4305-B47C-52A3BB610458}.Release|Any CPU.ActiveCfg = Release|Any CPU
		{198AE400-5814-4305-B47C-52A3BB610458}.Release|Any CPU.Build.0 = Release|Any CPU
		{198AE400-5814-4305-B47C-52A3BB610458}.Release|x64.ActiveCfg = Release|Any CPU
		{198AE400-5814-4305-B47C-52A3BB610458}.Release|x64.Build.0 = Release|Any CPU
		{198AE400-5814-4305-B47C-52A3BB610458}.Release|x86.ActiveCfg = Release|Any CPU
		{198AE400-5814-4305-B47C-52A3BB610458}.Release|x86.Build.0 = Release|Any CPU
		{01115670-D706-41EC-B0F8-93B7AE1DD0C7}.Debug|Any CPU.ActiveCfg = Debug|Any CPU
		{01115670-D706-41EC-B0F8-93B7AE1DD0C7}.Debug|Any CPU.Build.0 = Debug|Any CPU
		{01115670-D706-41EC-B0F8-93B7AE1DD0C7}.Debug|x64.ActiveCfg = Debug|Any CPU
		{01115670-D706-41EC-B0F8-93B7AE1DD0C7}.Debug|x64.Build.0 = Debug|Any CPU
		{01115670-D706-41EC-B0F8-93B7AE1DD0C7}.Debug|x86.ActiveCfg = Debug|Any CPU
		{01115670-D706-41EC-B0F8-93B7AE1DD0C7}.Debug|x86.Build.0 = Debug|Any CPU
		{01115670-D706-41EC-B0F8-93B7AE1DD0C7}.Release|Any CPU.ActiveCfg = Release|Any CPU
		{01115670-D706-41EC-B0F8-93B7AE1DD0C7}.Release|Any CPU.Build.0 = Release|Any CPU
		{01115670-D706-41EC-B0F8-93B7AE1DD0C7}.Release|x64.ActiveCfg = Release|Any CPU
		{01115670-D706-41EC-B0F8-93B7AE1DD0C7}.Release|x64.Build.0 = Release|Any CPU
		{01115670-D706-41EC-B0F8-93B7AE1DD0C7}.Release|x86.ActiveCfg = Release|Any CPU
		{01115670-D706-41EC-B0F8-93B7AE1DD0C7}.Release|x86.Build.0 = Release|Any CPU
		{143269FA-ED33-423E-88A5-869D38477F65}.Debug|Any CPU.ActiveCfg = Debug|Any CPU
		{143269FA-ED33-423E-88A5-869D38477F65}.Debug|Any CPU.Build.0 = Debug|Any CPU
		{143269FA-ED33-423E-88A5-869D38477F65}.Debug|x64.ActiveCfg = Debug|Any CPU
		{143269FA-ED33-423E-88A5-869D38477F65}.Debug|x64.Build.0 = Debug|Any CPU
		{143269FA-ED33-423E-88A5-869D38477F65}.Debug|x86.ActiveCfg = Debug|Any CPU
		{143269FA-ED33-423E-88A5-869D38477F65}.Debug|x86.Build.0 = Debug|Any CPU
		{143269FA-ED33-423E-88A5-869D38477F65}.Release|Any CPU.ActiveCfg = Release|Any CPU
		{143269FA-ED33-423E-88A5-869D38477F65}.Release|Any CPU.Build.0 = Release|Any CPU
		{143269FA-ED33-423E-88A5-869D38477F65}.Release|x64.ActiveCfg = Release|Any CPU
		{143269FA-ED33-423E-88A5-869D38477F65}.Release|x64.Build.0 = Release|Any CPU
		{143269FA-ED33-423E-88A5-869D38477F65}.Release|x86.ActiveCfg = Release|Any CPU
		{143269FA-ED33-423E-88A5-869D38477F65}.Release|x86.Build.0 = Release|Any CPU
		{601DA10A-E14E-4233-8616-CE8CA7C5B228}.Debug|Any CPU.ActiveCfg = Debug|Any CPU
		{601DA10A-E14E-4233-8616-CE8CA7C5B228}.Debug|Any CPU.Build.0 = Debug|Any CPU
		{601DA10A-E14E-4233-8616-CE8CA7C5B228}.Debug|x64.ActiveCfg = Debug|Any CPU
		{601DA10A-E14E-4233-8616-CE8CA7C5B228}.Debug|x64.Build.0 = Debug|Any CPU
		{601DA10A-E14E-4233-8616-CE8CA7C5B228}.Debug|x86.ActiveCfg = Debug|Any CPU
		{601DA10A-E14E-4233-8616-CE8CA7C5B228}.Debug|x86.Build.0 = Debug|Any CPU
		{601DA10A-E14E-4233-8616-CE8CA7C5B228}.Release|Any CPU.ActiveCfg = Release|Any CPU
		{601DA10A-E14E-4233-8616-CE8CA7C5B228}.Release|Any CPU.Build.0 = Release|Any CPU
		{601DA10A-E14E-4233-8616-CE8CA7C5B228}.Release|x64.ActiveCfg = Release|Any CPU
		{601DA10A-E14E-4233-8616-CE8CA7C5B228}.Release|x64.Build.0 = Release|Any CPU
		{601DA10A-E14E-4233-8616-CE8CA7C5B228}.Release|x86.ActiveCfg = Release|Any CPU
		{601DA10A-E14E-4233-8616-CE8CA7C5B228}.Release|x86.Build.0 = Release|Any CPU
		{4FF2C2AE-BED8-4C02-AFE8-4AE9025936AC}.Debug|Any CPU.ActiveCfg = Debug|Any CPU
		{4FF2C2AE-BED8-4C02-AFE8-4AE9025936AC}.Debug|Any CPU.Build.0 = Debug|Any CPU
		{4FF2C2AE-BED8-4C02-AFE8-4AE9025936AC}.Debug|x64.ActiveCfg = Debug|Any CPU
		{4FF2C2AE-BED8-4C02-AFE8-4AE9025936AC}.Debug|x64.Build.0 = Debug|Any CPU
		{4FF2C2AE-BED8-4C02-AFE8-4AE9025936AC}.Debug|x86.ActiveCfg = Debug|Any CPU
		{4FF2C2AE-BED8-4C02-AFE8-4AE9025936AC}.Debug|x86.Build.0 = Debug|Any CPU
		{4FF2C2AE-BED8-4C02-AFE8-4AE9025936AC}.Release|Any CPU.ActiveCfg = Release|Any CPU
		{4FF2C2AE-BED8-4C02-AFE8-4AE9025936AC}.Release|Any CPU.Build.0 = Release|Any CPU
		{4FF2C2AE-BED8-4C02-AFE8-4AE9025936AC}.Release|x64.ActiveCfg = Release|Any CPU
		{4FF2C2AE-BED8-4C02-AFE8-4AE9025936AC}.Release|x64.Build.0 = Release|Any CPU
		{4FF2C2AE-BED8-4C02-AFE8-4AE9025936AC}.Release|x86.ActiveCfg = Release|Any CPU
		{4FF2C2AE-BED8-4C02-AFE8-4AE9025936AC}.Release|x86.Build.0 = Release|Any CPU
		{0567C064-9EBB-43F7-989B-8C1F51F9B74E}.Debug|Any CPU.ActiveCfg = Debug|Any CPU
		{0567C064-9EBB-43F7-989B-8C1F51F9B74E}.Debug|Any CPU.Build.0 = Debug|Any CPU
		{0567C064-9EBB-43F7-989B-8C1F51F9B74E}.Debug|x64.ActiveCfg = Debug|Any CPU
		{0567C064-9EBB-43F7-989B-8C1F51F9B74E}.Debug|x64.Build.0 = Debug|Any CPU
		{0567C064-9EBB-43F7-989B-8C1F51F9B74E}.Debug|x86.ActiveCfg = Debug|Any CPU
		{0567C064-9EBB-43F7-989B-8C1F51F9B74E}.Debug|x86.Build.0 = Debug|Any CPU
		{0567C064-9EBB-43F7-989B-8C1F51F9B74E}.Release|Any CPU.ActiveCfg = Release|Any CPU
		{0567C064-9EBB-43F7-989B-8C1F51F9B74E}.Release|Any CPU.Build.0 = Release|Any CPU
		{0567C064-9EBB-43F7-989B-8C1F51F9B74E}.Release|x64.ActiveCfg = Release|Any CPU
		{0567C064-9EBB-43F7-989B-8C1F51F9B74E}.Release|x64.Build.0 = Release|Any CPU
		{0567C064-9EBB-43F7-989B-8C1F51F9B74E}.Release|x86.ActiveCfg = Release|Any CPU
		{0567C064-9EBB-43F7-989B-8C1F51F9B74E}.Release|x86.Build.0 = Release|Any CPU
		{F7511EE9-189B-4094-880A-E228DFE09F98}.Debug|Any CPU.ActiveCfg = Debug|Any CPU
		{F7511EE9-189B-4094-880A-E228DFE09F98}.Debug|Any CPU.Build.0 = Debug|Any CPU
		{F7511EE9-189B-4094-880A-E228DFE09F98}.Debug|x64.ActiveCfg = Debug|Any CPU
		{F7511EE9-189B-4094-880A-E228DFE09F98}.Debug|x64.Build.0 = Debug|Any CPU
		{F7511EE9-189B-4094-880A-E228DFE09F98}.Debug|x86.ActiveCfg = Debug|Any CPU
		{F7511EE9-189B-4094-880A-E228DFE09F98}.Debug|x86.Build.0 = Debug|Any CPU
		{F7511EE9-189B-4094-880A-E228DFE09F98}.Release|Any CPU.ActiveCfg = Release|Any CPU
		{F7511EE9-189B-4094-880A-E228DFE09F98}.Release|Any CPU.Build.0 = Release|Any CPU
		{F7511EE9-189B-4094-880A-E228DFE09F98}.Release|x64.ActiveCfg = Release|Any CPU
		{F7511EE9-189B-4094-880A-E228DFE09F98}.Release|x64.Build.0 = Release|Any CPU
		{F7511EE9-189B-4094-880A-E228DFE09F98}.Release|x86.ActiveCfg = Release|Any CPU
		{F7511EE9-189B-4094-880A-E228DFE09F98}.Release|x86.Build.0 = Release|Any CPU
		{8BDC469F-70B1-4540-B7AE-6B40107FEA41}.Debug|Any CPU.ActiveCfg = Debug|Any CPU
		{8BDC469F-70B1-4540-B7AE-6B40107FEA41}.Debug|Any CPU.Build.0 = Debug|Any CPU
		{8BDC469F-70B1-4540-B7AE-6B40107FEA41}.Debug|x64.ActiveCfg = Debug|Any CPU
		{8BDC469F-70B1-4540-B7AE-6B40107FEA41}.Debug|x64.Build.0 = Debug|Any CPU
		{8BDC469F-70B1-4540-B7AE-6B40107FEA41}.Debug|x86.ActiveCfg = Debug|Any CPU
		{8BDC469F-70B1-4540-B7AE-6B40107FEA41}.Debug|x86.Build.0 = Debug|Any CPU
		{8BDC469F-70B1-4540-B7AE-6B40107FEA41}.Release|Any CPU.ActiveCfg = Release|Any CPU
		{8BDC469F-70B1-4540-B7AE-6B40107FEA41}.Release|Any CPU.Build.0 = Release|Any CPU
		{8BDC469F-70B1-4540-B7AE-6B40107FEA41}.Release|x64.ActiveCfg = Release|Any CPU
		{8BDC469F-70B1-4540-B7AE-6B40107FEA41}.Release|x64.Build.0 = Release|Any CPU
		{8BDC469F-70B1-4540-B7AE-6B40107FEA41}.Release|x86.ActiveCfg = Release|Any CPU
		{8BDC469F-70B1-4540-B7AE-6B40107FEA41}.Release|x86.Build.0 = Release|Any CPU
		{73D2D822-324C-4A05-9BAB-5E98BA6977D7}.Debug|Any CPU.ActiveCfg = Debug|Any CPU
		{73D2D822-324C-4A05-9BAB-5E98BA6977D7}.Debug|Any CPU.Build.0 = Debug|Any CPU
		{73D2D822-324C-4A05-9BAB-5E98BA6977D7}.Debug|x64.ActiveCfg = Debug|Any CPU
		{73D2D822-324C-4A05-9BAB-5E98BA6977D7}.Debug|x64.Build.0 = Debug|Any CPU
		{73D2D822-324C-4A05-9BAB-5E98BA6977D7}.Debug|x86.ActiveCfg = Debug|Any CPU
		{73D2D822-324C-4A05-9BAB-5E98BA6977D7}.Debug|x86.Build.0 = Debug|Any CPU
		{73D2D822-324C-4A05-9BAB-5E98BA6977D7}.Release|Any CPU.ActiveCfg = Release|Any CPU
		{73D2D822-324C-4A05-9BAB-5E98BA6977D7}.Release|Any CPU.Build.0 = Release|Any CPU
		{73D2D822-324C-4A05-9BAB-5E98BA6977D7}.Release|x64.ActiveCfg = Release|Any CPU
		{73D2D822-324C-4A05-9BAB-5E98BA6977D7}.Release|x64.Build.0 = Release|Any CPU
		{73D2D822-324C-4A05-9BAB-5E98BA6977D7}.Release|x86.ActiveCfg = Release|Any CPU
		{73D2D822-324C-4A05-9BAB-5E98BA6977D7}.Release|x86.Build.0 = Release|Any CPU
		{54F99D9C-1605-42C1-90B1-45AF66F7A9B1}.Debug|Any CPU.ActiveCfg = Debug|Any CPU
		{54F99D9C-1605-42C1-90B1-45AF66F7A9B1}.Debug|Any CPU.Build.0 = Debug|Any CPU
		{54F99D9C-1605-42C1-90B1-45AF66F7A9B1}.Debug|x64.ActiveCfg = Debug|Any CPU
		{54F99D9C-1605-42C1-90B1-45AF66F7A9B1}.Debug|x64.Build.0 = Debug|Any CPU
		{54F99D9C-1605-42C1-90B1-45AF66F7A9B1}.Debug|x86.ActiveCfg = Debug|Any CPU
		{54F99D9C-1605-42C1-90B1-45AF66F7A9B1}.Debug|x86.Build.0 = Debug|Any CPU
		{54F99D9C-1605-42C1-90B1-45AF66F7A9B1}.Release|Any CPU.ActiveCfg = Release|Any CPU
		{54F99D9C-1605-42C1-90B1-45AF66F7A9B1}.Release|Any CPU.Build.0 = Release|Any CPU
		{54F99D9C-1605-42C1-90B1-45AF66F7A9B1}.Release|x64.ActiveCfg = Release|Any CPU
		{54F99D9C-1605-42C1-90B1-45AF66F7A9B1}.Release|x64.Build.0 = Release|Any CPU
		{54F99D9C-1605-42C1-90B1-45AF66F7A9B1}.Release|x86.ActiveCfg = Release|Any CPU
		{54F99D9C-1605-42C1-90B1-45AF66F7A9B1}.Release|x86.Build.0 = Release|Any CPU
	EndGlobalSection
	GlobalSection(SolutionProperties) = preSolution
		HideSolutionNode = FALSE
	EndGlobalSection
	GlobalSection(NestedProjects) = preSolution
		{EA7D1F58-AD4C-4ACF-9EDB-2821CFBE132A} = {827E0CD3-B72D-47B6-A68D-7590B98EB39B}
		{486E962B-BACD-4CE5-A8DA-848DC3893C16} = {827E0CD3-B72D-47B6-A68D-7590B98EB39B}
		{69E437C6-7811-41D2-BAD8-DC16849A3F29} = {827E0CD3-B72D-47B6-A68D-7590B98EB39B}
		{AF965A7C-2860-451A-AE56-B1E666E9F5EF} = {827E0CD3-B72D-47B6-A68D-7590B98EB39B}
		{CCA94A28-75E0-4956-AA0E-B04EDD78F59F} = {827E0CD3-B72D-47B6-A68D-7590B98EB39B}
		{198AE400-5814-4305-B47C-52A3BB610458} = {827E0CD3-B72D-47B6-A68D-7590B98EB39B}
		{01115670-D706-41EC-B0F8-93B7AE1DD0C7} = {827E0CD3-B72D-47B6-A68D-7590B98EB39B}
		{143269FA-ED33-423E-88A5-869D38477F65} = {827E0CD3-B72D-47B6-A68D-7590B98EB39B}
		{601DA10A-E14E-4233-8616-CE8CA7C5B228} = {827E0CD3-B72D-47B6-A68D-7590B98EB39B}
		{4FF2C2AE-BED8-4C02-AFE8-4AE9025936AC} = {827E0CD3-B72D-47B6-A68D-7590B98EB39B}
		{0567C064-9EBB-43F7-989B-8C1F51F9B74E} = {0AB3BF05-4346-4AA6-1389-037BE0695223}
		{F7511EE9-189B-4094-880A-E228DFE09F98} = {0AB3BF05-4346-4AA6-1389-037BE0695223}
		{8BDC469F-70B1-4540-B7AE-6B40107FEA41} = {0AB3BF05-4346-4AA6-1389-037BE0695223}
		{73D2D822-324C-4A05-9BAB-5E98BA6977D7} = {0AB3BF05-4346-4AA6-1389-037BE0695223}
		{54F99D9C-1605-42C1-90B1-45AF66F7A9B1} = {0AB3BF05-4346-4AA6-1389-037BE0695223}
	EndGlobalSection
EndGlobal
